
Microsoft Visual Studio Solution File, Format Version 12.00
# Visual Studio Version 17
VisualStudioVersion = 17.3.32819.101
MinimumVisualStudioVersion = 10.0.40219.1
Project("{9A19103F-16F7-4668-BE54-9A1E7A4F7556}") = "Server", "Server\Server.csproj", "{43938FF4-308E-498D-84BD-4C13DC143C5B}"
EndProject
Project("{9A19103F-16F7-4668-BE54-9A1E7A4F7556}") = "WPFclient", "WPFclient\WPFclient.csproj", "{4514844C-52D9-4E1B-8E0D-7C3929BDCD30}"
EndProject
Global
	GlobalSection(SolutionConfigurationPlatforms) = preSolution
		Debug|Any CPU = Debug|Any CPU
		Release|Any CPU = Release|Any CPU
	EndGlobalSection
	GlobalSection(ProjectConfigurationPlatforms) = postSolution
		{43938FF4-308E-498D-84BD-4C13DC143C5B}.Debug|Any CPU.ActiveCfg = Debug|Any CPU
		{43938FF4-308E-498D-84BD-4C13DC143C5B}.Debug|Any CPU.Build.0 = Debug|Any CPU
		{43938FF4-308E-498D-84BD-4C13DC143C5B}.Release|Any CPU.ActiveCfg = Release|Any CPU
		{43938FF4-308E-498D-84BD-4C13DC143C5B}.Release|Any CPU.Build.0 = Release|Any CPU
		{4514844C-52D9-4E1B-8E0D-7C3929BDCD30}.Debug|Any CPU.ActiveCfg = Debug|Any CPU
		{4514844C-52D9-4E1B-8E0D-7C3929BDCD30}.Debug|Any CPU.Build.0 = Debug|Any CPU
		{4514844C-52D9-4E1B-8E0D-7C3929BDCD30}.Release|Any CPU.ActiveCfg = Release|Any CPU
		{4514844C-52D9-4E1B-8E0D-7C3929BDCD30}.Release|Any CPU.Build.0 = Release|Any CPU
	EndGlobalSection
	GlobalSection(SolutionProperties) = preSolution
		HideSolutionNode = FALSE
	EndGlobalSection
	GlobalSection(ExtensibilityGlobals) = postSolution
		SolutionGuid = {1E63E40E-E314-4681-A65F-2C34B9EB0073}
	EndGlobalSection
EndGlobal
